
Microsoft Visual Studio Solution File, Format Version 12.00
# Visual Studio Version 16
VisualStudioVersion = 16.0.32126.315
MinimumVisualStudioVersion = 10.0.40219.1
Project("{FAE04EC0-301F-11D3-BF4B-00C04F79EFBC}") = "jogo_acerto", "jogo_acerto.csproj", "{3F66E459-5FA1-457D-B01D-55908320BF36}"
EndProject
Global
	GlobalSection(SolutionConfigurationPlatforms) = preSolution
		Debug|Any CPU = Debug|Any CPU
		Release|Any CPU = Release|Any CPU
	EndGlobalSection
	GlobalSection(ProjectConfigurationPlatforms) = postSolution
		{3F66E459-5FA1-457D-B01D-55908320BF36}.Debug|Any CPU.ActiveCfg = Debug|Any CPU
		{3F66E459-5FA1-457D-B01D-55908320BF36}.Debug|Any CPU.Build.0 = Debug|Any CPU
		{3F66E459-5FA1-457D-B01D-55908320BF36}.Release|Any CPU.ActiveCfg = Release|Any CPU
		{3F66E459-5FA1-457D-B01D-55908320BF36}.Release|Any CPU.Build.0 = Release|Any CPU
	EndGlobalSection
	GlobalSection(SolutionProperties) = preSolution
		HideSolutionNode = FALSE
	EndGlobalSection
	GlobalSection(ExtensibilityGlobals) = postSolution
		SolutionGuid = {5EE5E4EB-6E98-4325-8C43-82017DFAB5BF}
	EndGlobalSection
EndGlobal
