
Microsoft Visual Studio Solution File, Format Version 12.00
# Visual Studio Version 16
VisualStudioVersion = 16.0.32126.315
MinimumVisualStudioVersion = 10.0.40219.1
Project("{FAE04EC0-301F-11D3-BF4B-00C04F79EFBC}") = "Jogo da velha", "Jogo da velha.csproj", "{D50EA93D-511B-4785-91E4-8A234FA3108D}"
EndProject
Global
	GlobalSection(SolutionConfigurationPlatforms) = preSolution
		Debug|Any CPU = Debug|Any CPU
		Release|Any CPU = Release|Any CPU
	EndGlobalSection
	GlobalSection(ProjectConfigurationPlatforms) = postSolution
		{D50EA93D-511B-4785-91E4-8A234FA3108D}.Debug|Any CPU.ActiveCfg = Debug|Any CPU
		{D50EA93D-511B-4785-91E4-8A234FA3108D}.Debug|Any CPU.Build.0 = Debug|Any CPU
		{D50EA93D-511B-4785-91E4-8A234FA3108D}.Release|Any CPU.ActiveCfg = Release|Any CPU
		{D50EA93D-511B-4785-91E4-8A234FA3108D}.Release|Any CPU.Build.0 = Release|Any CPU
	EndGlobalSection
	GlobalSection(SolutionProperties) = preSolution
		HideSolutionNode = FALSE
	EndGlobalSection
	GlobalSection(ExtensibilityGlobals) = postSolution
		SolutionGuid = {0A83B854-6355-4BED-97D6-E4FAC4E77D38}
	EndGlobalSection
EndGlobal
